{
  "name": "CopyTheAvatarSettings",
  "lockfileVersion": 2,
  "requires": true,
  "packages": {
    "": {
      "dependencies": {
        "vue-analytics": "^5.22.1"
      }
    },
    "node_modules/vue-analytics": {
      "version": "5.22.1",
      "resolved": "https://registry.npmjs.org/vue-analytics/-/vue-analytics-5.22.1.tgz",
      "integrity": "sha512-HPKQMN7gfcUqS5SxoO0VxqLRRSPkG1H1FqglsHccz6BatBatNtm/Vyy8brApktZxNCfnAkrSVDpxg3/FNDeOgQ==",
      "deprecated": "Sorry but vue-analytics is no longer maintained. I would suggest you switch to vue-gtag, with love, the guy who made the package."
    }
  },
  "dependencies": {
    "vue-analytics": {
      "version": "5.22.1",
      "resolved": "https://registry.npmjs.org/vue-analytics/-/vue-analytics-5.22.1.tgz",
      "integrity": "sha512-HPKQMN7gfcUqS5SxoO0VxqLRRSPkG1H1FqglsHccz6BatBatNtm/Vyy8brApktZxNCfnAkrSVDpxg3/FNDeOgQ=="
    }
  }
}
